
Microsoft Visual Studio Solution File, Format Version 12.00
# Visual Studio Version 17
VisualStudioVersion = 17.7.34024.191
MinimumVisualStudioVersion = 10.0.40219.1
Project("{FAE04EC0-301F-11D3-BF4B-00C04F79EFBC}") = "CapaDatos", "CapaDatos\CapaDatos.csproj", "{510C442C-63B9-466F-A860-90E58738F0BB}"
EndProject
Project("{FAE04EC0-301F-11D3-BF4B-00C04F79EFBC}") = "CapaLogicaNegocio", "CapaLogicaNegocio\CapaLogicaNegocio.csproj", "{6662CBAD-1BE5-43A2-AD3B-8ADB6704CFE5}"
EndProject
Project("{FAE04EC0-301F-11D3-BF4B-00C04F79EFBC}") = "CapaPresentacion", "CapaPresentacion\CapaPresentacion.csproj", "{F9DA02D7-F1BE-4EE9-B886-100BE321A822}"
EndProject
Project("{FAE04EC0-301F-11D3-BF4B-00C04F79EFBC}") = "CapaComun", "CapaComun\CapaComun.csproj", "{CC8BD278-E28E-402E-9996-AF7729001FE5}"
EndProject
Global
	GlobalSection(SolutionConfigurationPlatforms) = preSolution
		Debug|Any CPU = Debug|Any CPU
		Release|Any CPU = Release|Any CPU
	EndGlobalSection
	GlobalSection(ProjectConfigurationPlatforms) = postSolution
		{510C442C-63B9-466F-A860-90E58738F0BB}.Debug|Any CPU.ActiveCfg = Debug|Any CPU
		{510C442C-63B9-466F-A860-90E58738F0BB}.Debug|Any CPU.Build.0 = Debug|Any CPU
		{510C442C-63B9-466F-A860-90E58738F0BB}.Release|Any CPU.ActiveCfg = Release|Any CPU
		{510C442C-63B9-466F-A860-90E58738F0BB}.Release|Any CPU.Build.0 = Release|Any CPU
		{6662CBAD-1BE5-43A2-AD3B-8ADB6704CFE5}.Debug|Any CPU.ActiveCfg = Debug|Any CPU
		{6662CBAD-1BE5-43A2-AD3B-8ADB6704CFE5}.Debug|Any CPU.Build.0 = Debug|Any CPU
		{6662CBAD-1BE5-43A2-AD3B-8ADB6704CFE5}.Release|Any CPU.ActiveCfg = Release|Any CPU
		{6662CBAD-1BE5-43A2-AD3B-8ADB6704CFE5}.Release|Any CPU.Build.0 = Release|Any CPU
		{F9DA02D7-F1BE-4EE9-B886-100BE321A822}.Debug|Any CPU.ActiveCfg = Debug|Any CPU
		{F9DA02D7-F1BE-4EE9-B886-100BE321A822}.Debug|Any CPU.Build.0 = Debug|Any CPU
		{F9DA02D7-F1BE-4EE9-B886-100BE321A822}.Release|Any CPU.ActiveCfg = Release|Any CPU
		{F9DA02D7-F1BE-4EE9-B886-100BE321A822}.Release|Any CPU.Build.0 = Release|Any CPU
		{CC8BD278-E28E-402E-9996-AF7729001FE5}.Debug|Any CPU.ActiveCfg = Debug|Any CPU
		{CC8BD278-E28E-402E-9996-AF7729001FE5}.Debug|Any CPU.Build.0 = Debug|Any CPU
		{CC8BD278-E28E-402E-9996-AF7729001FE5}.Release|Any CPU.ActiveCfg = Release|Any CPU
		{CC8BD278-E28E-402E-9996-AF7729001FE5}.Release|Any CPU.Build.0 = Release|Any CPU
	EndGlobalSection
	GlobalSection(SolutionProperties) = preSolution
		HideSolutionNode = FALSE
	EndGlobalSection
	GlobalSection(ExtensibilityGlobals) = postSolution
		SolutionGuid = {0D8933E8-1353-4783-8815-A9E2BCDAA887}
	EndGlobalSection
EndGlobal
